
Microsoft Visual Studio Solution File, Format Version 12.00
# Visual Studio Version 17
VisualStudioVersion = 17.10.34916.146
MinimumVisualStudioVersion = 10.0.40219.1
Project("{FAE04EC0-301F-11D3-BF4B-00C04F79EFBC}") = "TN-DNET", "TN-DNET.csproj", "{717B787D-6852-4FC4-8CD5-C7CFAB55F791}"
EndProject
Project("{FAE04EC0-301F-11D3-BF4B-00C04F79EFBC}") = "Model", "..\Model\Model.csproj", "{1D41668F-7E9D-4574-9DA5-2C13B518DDF2}"
EndProject
Global
	GlobalSection(SolutionConfigurationPlatforms) = preSolution
		Debug|Any CPU = Debug|Any CPU
		Release|Any CPU = Release|Any CPU
	EndGlobalSection
	GlobalSection(ProjectConfigurationPlatforms) = postSolution
		{717B787D-6852-4FC4-8CD5-C7CFAB55F791}.Debug|Any CPU.ActiveCfg = Debug|Any CPU
		{717B787D-6852-4FC4-8CD5-C7CFAB55F791}.Debug|Any CPU.Build.0 = Debug|Any CPU
		{717B787D-6852-4FC4-8CD5-C7CFAB55F791}.Release|Any CPU.ActiveCfg = Release|Any CPU
		{717B787D-6852-4FC4-8CD5-C7CFAB55F791}.Release|Any CPU.Build.0 = Release|Any CPU
		{1D41668F-7E9D-4574-9DA5-2C13B518DDF2}.Debug|Any CPU.ActiveCfg = Debug|Any CPU
		{1D41668F-7E9D-4574-9DA5-2C13B518DDF2}.Debug|Any CPU.Build.0 = Debug|Any CPU
		{1D41668F-7E9D-4574-9DA5-2C13B518DDF2}.Release|Any CPU.ActiveCfg = Release|Any CPU
		{1D41668F-7E9D-4574-9DA5-2C13B518DDF2}.Release|Any CPU.Build.0 = Release|Any CPU
	EndGlobalSection
	GlobalSection(SolutionProperties) = preSolution
		HideSolutionNode = FALSE
	EndGlobalSection
	GlobalSection(ExtensibilityGlobals) = postSolution
		SolutionGuid = {3337AD0D-FD6F-494F-B146-907007C9B98B}
	EndGlobalSection
EndGlobal
